
Microsoft Visual Studio Solution File, Format Version 12.00
# Visual Studio Version 17
VisualStudioVersion = 17.11.35312.102
MinimumVisualStudioVersion = 10.0.40219.1
Project("{9A19103F-16F7-4668-BE54-9A1E7A4F7556}") = "Application", "src\Application\Application.csproj", "{B5F8314D-CEB4-4633-B297-6D5E8717437C}"
EndProject
Project("{2150E333-8FDC-42A3-9474-1A3956D46DE8}") = "src", "src", "{93EA5239-AA90-4E90-9A73-967575DAFC67}"
EndProject
Project("{9A19103F-16F7-4668-BE54-9A1E7A4F7556}") = "Domain", "src\Domain\Domain.csproj", "{AA8A8F70-0BD7-45E6-90DA-CE9724AA2643}"
EndProject
Project("{2150E333-8FDC-42A3-9474-1A3956D46DE8}") = "tests", "tests", "{A6D53256-9CEC-4547-B132-7DE648FC43D4}"
EndProject
Project("{9A19103F-16F7-4668-BE54-9A1E7A4F7556}") = "UnitTests", "tests\UnitTests\UnitTests.csproj", "{9F4BDD5C-61B2-4E59-B431-1EB749267A5F}"
EndProject
Project("{FAE04EC0-301F-11D3-BF4B-00C04F79EFBC}") = "IntegratedTests", "tests\IntegratedTests\IntegratedTests.csproj", "{CA6D0DB5-5BF5-4467-8AD1-F10A73216599}"
EndProject
Global
	GlobalSection(SolutionConfigurationPlatforms) = preSolution
		Debug|Any CPU = Debug|Any CPU
		Release|Any CPU = Release|Any CPU
	EndGlobalSection
	GlobalSection(ProjectConfigurationPlatforms) = postSolution
		{B5F8314D-CEB4-4633-B297-6D5E8717437C}.Debug|Any CPU.ActiveCfg = Debug|Any CPU
		{B5F8314D-CEB4-4633-B297-6D5E8717437C}.Debug|Any CPU.Build.0 = Debug|Any CPU
		{B5F8314D-CEB4-4633-B297-6D5E8717437C}.Release|Any CPU.ActiveCfg = Release|Any CPU
		{B5F8314D-CEB4-4633-B297-6D5E8717437C}.Release|Any CPU.Build.0 = Release|Any CPU
		{AA8A8F70-0BD7-45E6-90DA-CE9724AA2643}.Debug|Any CPU.ActiveCfg = Debug|Any CPU
		{AA8A8F70-0BD7-45E6-90DA-CE9724AA2643}.Debug|Any CPU.Build.0 = Debug|Any CPU
		{AA8A8F70-0BD7-45E6-90DA-CE9724AA2643}.Release|Any CPU.ActiveCfg = Release|Any CPU
		{AA8A8F70-0BD7-45E6-90DA-CE9724AA2643}.Release|Any CPU.Build.0 = Release|Any CPU
		{9F4BDD5C-61B2-4E59-B431-1EB749267A5F}.Debug|Any CPU.ActiveCfg = Debug|Any CPU
		{9F4BDD5C-61B2-4E59-B431-1EB749267A5F}.Debug|Any CPU.Build.0 = Debug|Any CPU
		{9F4BDD5C-61B2-4E59-B431-1EB749267A5F}.Release|Any CPU.ActiveCfg = Release|Any CPU
		{9F4BDD5C-61B2-4E59-B431-1EB749267A5F}.Release|Any CPU.Build.0 = Release|Any CPU
		{CA6D0DB5-5BF5-4467-8AD1-F10A73216599}.Debug|Any CPU.ActiveCfg = Debug|Any CPU
		{CA6D0DB5-5BF5-4467-8AD1-F10A73216599}.Debug|Any CPU.Build.0 = Debug|Any CPU
		{CA6D0DB5-5BF5-4467-8AD1-F10A73216599}.Release|Any CPU.ActiveCfg = Release|Any CPU
		{CA6D0DB5-5BF5-4467-8AD1-F10A73216599}.Release|Any CPU.Build.0 = Release|Any CPU
	EndGlobalSection
	GlobalSection(SolutionProperties) = preSolution
		HideSolutionNode = FALSE
	EndGlobalSection
	GlobalSection(NestedProjects) = preSolution
		{B5F8314D-CEB4-4633-B297-6D5E8717437C} = {93EA5239-AA90-4E90-9A73-967575DAFC67}
		{AA8A8F70-0BD7-45E6-90DA-CE9724AA2643} = {93EA5239-AA90-4E90-9A73-967575DAFC67}
		{9F4BDD5C-61B2-4E59-B431-1EB749267A5F} = {A6D53256-9CEC-4547-B132-7DE648FC43D4}
		{CA6D0DB5-5BF5-4467-8AD1-F10A73216599} = {A6D53256-9CEC-4547-B132-7DE648FC43D4}
	EndGlobalSection
	GlobalSection(ExtensibilityGlobals) = postSolution
		SolutionGuid = {C7BD9395-F0E0-462A-89EB-ABF1C47A3587}
	EndGlobalSection
EndGlobal
